
Microsoft Visual Studio Solution File, Format Version 12.00
# Visual Studio Version 16
VisualStudioVersion = 16.0.30717.126
MinimumVisualStudioVersion = 10.0.40219.1
Project("{FAE04EC0-301F-11D3-BF4B-00C04F79EFBC}") = "ComicBookGallery", "ComicBookGallery.csproj", "{AE566BAF-FCFC-4DAE-8A60-7B1787694CAF}"
EndProject
Global
	GlobalSection(SolutionConfigurationPlatforms) = preSolution
		Debug|Any CPU = Debug|Any CPU
		Release|Any CPU = Release|Any CPU
	EndGlobalSection
	GlobalSection(ProjectConfigurationPlatforms) = postSolution
		{AE566BAF-FCFC-4DAE-8A60-7B1787694CAF}.Debug|Any CPU.ActiveCfg = Debug|Any CPU
		{AE566BAF-FCFC-4DAE-8A60-7B1787694CAF}.Debug|Any CPU.Build.0 = Debug|Any CPU
		{AE566BAF-FCFC-4DAE-8A60-7B1787694CAF}.Release|Any CPU.ActiveCfg = Release|Any CPU
		{AE566BAF-FCFC-4DAE-8A60-7B1787694CAF}.Release|Any CPU.Build.0 = Release|Any CPU
	EndGlobalSection
	GlobalSection(SolutionProperties) = preSolution
		HideSolutionNode = FALSE
	EndGlobalSection
	GlobalSection(ExtensibilityGlobals) = postSolution
		SolutionGuid = {D9B1BC2D-1031-4A66-990D-720984AB6239}
	EndGlobalSection
EndGlobal
